
Microsoft Visual Studio Solution File, Format Version 12.00
# Visual Studio Version 17
VisualStudioVersion = 17.11.35222.181
MinimumVisualStudioVersion = 10.0.40219.1
Project("{FAE04EC0-301F-11D3-BF4B-00C04F79EFBC}") = "MohammedBassem.G01.PL", "MohammedBassem.G01.PL\MohammedBassem.G01.PL.csproj", "{A01FC365-1394-4366-8286-B3E6E9B9AE6D}"
EndProject
Project("{FAE04EC0-301F-11D3-BF4B-00C04F79EFBC}") = "MohammedBassem.G01.DAL", "MohammedBassem.G01.DAL\MohammedBassem.G01.DAL.csproj", "{50041708-EE9E-4499-8DF3-0C16AB0405D5}"
EndProject
Project("{FAE04EC0-301F-11D3-BF4B-00C04F79EFBC}") = "MohammedBassem.G01.BLL", "MohammedBassem.G01.BLL\MohammedBassem.G01.BLL.csproj", "{4CCB3E4F-C6B8-4160-8299-5A44A509B6DF}"
EndProject
Global
	GlobalSection(SolutionConfigurationPlatforms) = preSolution
		Debug|Any CPU = Debug|Any CPU
		Release|Any CPU = Release|Any CPU
	EndGlobalSection
	GlobalSection(ProjectConfigurationPlatforms) = postSolution
		{A01FC365-1394-4366-8286-B3E6E9B9AE6D}.Debug|Any CPU.ActiveCfg = Debug|Any CPU
		{A01FC365-1394-4366-8286-B3E6E9B9AE6D}.Debug|Any CPU.Build.0 = Debug|Any CPU
		{A01FC365-1394-4366-8286-B3E6E9B9AE6D}.Release|Any CPU.ActiveCfg = Release|Any CPU
		{A01FC365-1394-4366-8286-B3E6E9B9AE6D}.Release|Any CPU.Build.0 = Release|Any CPU
		{50041708-EE9E-4499-8DF3-0C16AB0405D5}.Debug|Any CPU.ActiveCfg = Debug|Any CPU
		{50041708-EE9E-4499-8DF3-0C16AB0405D5}.Debug|Any CPU.Build.0 = Debug|Any CPU
		{50041708-EE9E-4499-8DF3-0C16AB0405D5}.Release|Any CPU.ActiveCfg = Release|Any CPU
		{50041708-EE9E-4499-8DF3-0C16AB0405D5}.Release|Any CPU.Build.0 = Release|Any CPU
		{4CCB3E4F-C6B8-4160-8299-5A44A509B6DF}.Debug|Any CPU.ActiveCfg = Debug|Any CPU
		{4CCB3E4F-C6B8-4160-8299-5A44A509B6DF}.Debug|Any CPU.Build.0 = Debug|Any CPU
		{4CCB3E4F-C6B8-4160-8299-5A44A509B6DF}.Release|Any CPU.ActiveCfg = Release|Any CPU
		{4CCB3E4F-C6B8-4160-8299-5A44A509B6DF}.Release|Any CPU.Build.0 = Release|Any CPU
	EndGlobalSection
	GlobalSection(SolutionProperties) = preSolution
		HideSolutionNode = FALSE
	EndGlobalSection
	GlobalSection(ExtensibilityGlobals) = postSolution
		SolutionGuid = {2963D53E-7414-4ED2-8A27-A34ED9FDF17A}
	EndGlobalSection
EndGlobal
